
Microsoft Visual Studio Solution File, Format Version 12.00
# Visual Studio Version 17
VisualStudioVersion = 17.14.36109.1
MinimumVisualStudioVersion = 10.0.40219.1
Project("{FAE04EC0-301F-11D3-BF4B-00C04F79EFBC}") = "TopUp.API", "TopUp.API\TopUp.API.csproj", "{FFB8ADFC-3353-F5B4-278A-45DA28C0A43D}"
EndProject
Project("{FAE04EC0-301F-11D3-BF4B-00C04F79EFBC}") = "TopUp.Domain", "TopUp.Domain\TopUp.Domain.csproj", "{DB96C0CE-BE7C-152F-4B63-BD2F74B2E740}"
EndProject
Project("{FAE04EC0-301F-11D3-BF4B-00C04F79EFBC}") = "TopUp.Infrastructure", "TopUp.Infrastructure\TopUp.Infrastructure.csproj", "{6CA04B03-80D2-AC85-200C-D3C328A015DD}"
EndProject
Project("{FAE04EC0-301F-11D3-BF4B-00C04F79EFBC}") = "TopUp.Application", "TopUp.Application\TopUp.Application.csproj", "{0C8A772C-24E5-6D72-09EB-8F41CE4C89F1}"
EndProject
Project("{FAE04EC0-301F-11D3-BF4B-00C04F79EFBC}") = "TopUp.UnitTest", "TopUp.UnitTest\TopUp.UnitTest.csproj", "{C3D1FB40-1A6A-4945-8692-12C76F0A1FB2}"
EndProject
Project("{FAE04EC0-301F-11D3-BF4B-00C04F79EFBC}") = "TopUp.IntegrationTest", "TopUp.IntegrationTest\TopUp.IntegrationTest.csproj", "{29B8392B-72A3-4508-8CFF-E1EF3C7014CB}"
EndProject
Global
	GlobalSection(SolutionConfigurationPlatforms) = preSolution
		Debug|Any CPU = Debug|Any CPU
		Release|Any CPU = Release|Any CPU
	EndGlobalSection
	GlobalSection(ProjectConfigurationPlatforms) = postSolution
		{FFB8ADFC-3353-F5B4-278A-45DA28C0A43D}.Debug|Any CPU.ActiveCfg = Debug|Any CPU
		{FFB8ADFC-3353-F5B4-278A-45DA28C0A43D}.Debug|Any CPU.Build.0 = Debug|Any CPU
		{FFB8ADFC-3353-F5B4-278A-45DA28C0A43D}.Release|Any CPU.ActiveCfg = Release|Any CPU
		{FFB8ADFC-3353-F5B4-278A-45DA28C0A43D}.Release|Any CPU.Build.0 = Release|Any CPU
		{DB96C0CE-BE7C-152F-4B63-BD2F74B2E740}.Debug|Any CPU.ActiveCfg = Debug|Any CPU
		{DB96C0CE-BE7C-152F-4B63-BD2F74B2E740}.Debug|Any CPU.Build.0 = Debug|Any CPU
		{DB96C0CE-BE7C-152F-4B63-BD2F74B2E740}.Release|Any CPU.ActiveCfg = Release|Any CPU
		{DB96C0CE-BE7C-152F-4B63-BD2F74B2E740}.Release|Any CPU.Build.0 = Release|Any CPU
		{6CA04B03-80D2-AC85-200C-D3C328A015DD}.Debug|Any CPU.ActiveCfg = Debug|Any CPU
		{6CA04B03-80D2-AC85-200C-D3C328A015DD}.Debug|Any CPU.Build.0 = Debug|Any CPU
		{6CA04B03-80D2-AC85-200C-D3C328A015DD}.Release|Any CPU.ActiveCfg = Release|Any CPU
		{6CA04B03-80D2-AC85-200C-D3C328A015DD}.Release|Any CPU.Build.0 = Release|Any CPU
		{0C8A772C-24E5-6D72-09EB-8F41CE4C89F1}.Debug|Any CPU.ActiveCfg = Debug|Any CPU
		{0C8A772C-24E5-6D72-09EB-8F41CE4C89F1}.Debug|Any CPU.Build.0 = Debug|Any CPU
		{0C8A772C-24E5-6D72-09EB-8F41CE4C89F1}.Release|Any CPU.ActiveCfg = Release|Any CPU
		{0C8A772C-24E5-6D72-09EB-8F41CE4C89F1}.Release|Any CPU.Build.0 = Release|Any CPU
		{C3D1FB40-1A6A-4945-8692-12C76F0A1FB2}.Debug|Any CPU.ActiveCfg = Debug|Any CPU
		{C3D1FB40-1A6A-4945-8692-12C76F0A1FB2}.Debug|Any CPU.Build.0 = Debug|Any CPU
		{C3D1FB40-1A6A-4945-8692-12C76F0A1FB2}.Release|Any CPU.ActiveCfg = Release|Any CPU
		{C3D1FB40-1A6A-4945-8692-12C76F0A1FB2}.Release|Any CPU.Build.0 = Release|Any CPU
		{29B8392B-72A3-4508-8CFF-E1EF3C7014CB}.Debug|Any CPU.ActiveCfg = Debug|Any CPU
		{29B8392B-72A3-4508-8CFF-E1EF3C7014CB}.Debug|Any CPU.Build.0 = Debug|Any CPU
		{29B8392B-72A3-4508-8CFF-E1EF3C7014CB}.Release|Any CPU.ActiveCfg = Release|Any CPU
		{29B8392B-72A3-4508-8CFF-E1EF3C7014CB}.Release|Any CPU.Build.0 = Release|Any CPU
	EndGlobalSection
	GlobalSection(SolutionProperties) = preSolution
		HideSolutionNode = FALSE
	EndGlobalSection
	GlobalSection(ExtensibilityGlobals) = postSolution
		SolutionGuid = {A168DBAC-9D11-4741-B1E1-C7AE0424BB0E}
	EndGlobalSection
EndGlobal
